
Microsoft Visual Studio Solution File, Format Version 12.00
# Visual Studio 14
VisualStudioVersion = 14.0.25420.1
MinimumVisualStudioVersion = 10.0.40219.1
Project("{FAE04EC0-301F-11D3-BF4B-00C04F79EFBC}") = "AscxDesignerGenerator", "AscxDesignerGenerator\AscxDesignerGenerator.csproj", "{402A6A31-95E7-4716-A456-A7226EAB0D62}"
EndProject
Project("{2150E333-8FDC-42A3-9474-1A3956D46DE8}") = "Solution Items", "Solution Items", "{F6B7BA85-3B42-4E5A-9E47-F269B732EABA}"
	ProjectSection(SolutionItems) = preProject
		..\appveyor.yml = ..\appveyor.yml
		..\build.cake = ..\build.cake
		..\build.cmd = ..\build.cmd
		..\build.ps1 = ..\build.ps1
	EndProjectSection
EndProject
Global
	GlobalSection(SolutionConfigurationPlatforms) = preSolution
		Debug|Any CPU = Debug|Any CPU
		Release|Any CPU = Release|Any CPU
	EndGlobalSection
	GlobalSection(ProjectConfigurationPlatforms) = postSolution
		{402A6A31-95E7-4716-A456-A7226EAB0D62}.Debug|Any CPU.ActiveCfg = Debug|Any CPU
		{402A6A31-95E7-4716-A456-A7226EAB0D62}.Debug|Any CPU.Build.0 = Debug|Any CPU
		{402A6A31-95E7-4716-A456-A7226EAB0D62}.Release|Any CPU.ActiveCfg = Release|Any CPU
		{402A6A31-95E7-4716-A456-A7226EAB0D62}.Release|Any CPU.Build.0 = Release|Any CPU
	EndGlobalSection
	GlobalSection(SolutionProperties) = preSolution
		HideSolutionNode = FALSE
	EndGlobalSection
EndGlobal
